[root]
name = "gossip"
version = "0.1.0"
dependencies = [
 "msgpack 0.0.1 (git+https://github.com/mneumann/rust-msgpack#91a6f02724488d46174d9609f6c0eed38cd1e577)",
]

[[package]]
name = "msgpack"
version = "0.0.1"
source = "git+https://github.com/mneumann/rust-msgpack#91a6f02724488d46174d9609f6c0eed38cd1e577"

